// !$*UTF8*$!
{
	archiveVersion = 1;
	classes = {
	};
	objectVersion = 77;
	objects = {

/* Begin PBXBuildFile section */
		A1F657F32E9957550092E5E2 /* MovieDetailsModels.swift in Sources */ = {isa = PBXBuildFile; fileRef = A1F657D82E9957550092E5E2 /* MovieDetailsModels.swift */; };
		A1F657F42E9957550092E5E2 /* FavoriteMoviesInteractor.swift in Sources */ = {isa = PBXBuildFile; fileRef = A1F657CB2E9957550092E5E2 /* FavoriteMoviesInteractor.swift */; };
		A1F657F52E9957550092E5E2 /* MovieDetails.swift in Sources */ = {isa = PBXBuildFile; fileRef = A1F657C52E9957550092E5E2 /* MovieDetails.swift */; };
		A1F657F62E9957550092E5E2 /* SplashViewController.swift in Sources */ = {isa = PBXBuildFile; fileRef = A1F657DF2E9957550092E5E2 /* SplashViewController.swift */; };
		A1F657F72E9957550092E5E2 /* FavoriteMoviesPresenter.swift in Sources */ = {isa = PBXBuildFile; fileRef = A1F657CD2E9957550092E5E2 /* FavoriteMoviesPresenter.swift */; };
		A1F657F82E9957550092E5E2 /* MovieResponse.swift in Sources */ = {isa = PBXBuildFile; fileRef = A1F657C82E9957550092E5E2 /* MovieResponse.swift */; };
		A1F657F92E9957550092E5E2 /* FavoriteCollectionReusableView.swift in Sources */ = {isa = PBXBuildFile; fileRef = A1F657E62E9957550092E5E2 /* FavoriteCollectionReusableView.swift */; };
		A1F657FA2E9957550092E5E2 /* MovieManeger.swift in Sources */ = {isa = PBXBuildFile; fileRef = A1F657C72E9957550092E5E2 /* MovieManeger.swift */; };
		A1F657FB2E9957550092E5E2 /* RelatedMovieCell.swift in Sources */ = {isa = PBXBuildFile; fileRef = A1F657E92E9957550092E5E2 /* RelatedMovieCell.swift */; };
		A1F657FC2E9957550092E5E2 /* MovieDetailsPresenter.swift in Sources */ = {isa = PBXBuildFile; fileRef = A1F657D92E9957550092E5E2 /* MovieDetailsPresenter.swift */; };
		A1F657FD2E9957550092E5E2 /* SplashInteractor.swift in Sources */ = {isa = PBXBuildFile; fileRef = A1F657DC2E9957550092E5E2 /* SplashInteractor.swift */; };
		A1F657FE2E9957550092E5E2 /* Genre.swift in Sources */ = {isa = PBXBuildFile; fileRef = A1F657C32E9957550092E5E2 /* Genre.swift */; };
		A1F657FF2E9957550092E5E2 /* HomeModels.swift in Sources */ = {isa = PBXBuildFile; fileRef = A1F657D12E9957550092E5E2 /* HomeModels.swift */; };
		A1F658002E9957550092E5E2 /* MovieService.swift in Sources */ = {isa = PBXBuildFile; fileRef = A1F657E32E9957550092E5E2 /* MovieService.swift */; };
		A1F658012E9957550092E5E2 /* MovieCollectionViewCell.swift in Sources */ = {isa = PBXBuildFile; fileRef = A1F657E82E9957550092E5E2 /* MovieCollectionViewCell.swift */; };
		A1F658022E9957550092E5E2 /* FavoriteMoviesModels.swift in Sources */ = {isa = PBXBuildFile; fileRef = A1F657CC2E9957550092E5E2 /* FavoriteMoviesModels.swift */; };
		A1F658032E9957550092E5E2 /* HomePresenter.swift in Sources */ = {isa = PBXBuildFile; fileRef = A1F657D22E9957550092E5E2 /* HomePresenter.swift */; };
		A1F658042E9957550092E5E2 /* MovieDetailsResponse.swift in Sources */ = {isa = PBXBuildFile; fileRef = A1F657C62E9957550092E5E2 /* MovieDetailsResponse.swift */; };
		A1F658052E9957550092E5E2 /* MovieDetailsViewController.swift in Sources */ = {isa = PBXBuildFile; fileRef = A1F657DA2E9957550092E5E2 /* MovieDetailsViewController.swift */; };
		A1F658062E9957550092E5E2 /* MainTabBarViewController.swift in Sources */ = {isa = PBXBuildFile; fileRef = A1F657F02E9957550092E5E2 /* MainTabBarViewController.swift */; };
		A1F658072E9957550092E5E2 /* HomeWorker.swift in Sources */ = {isa = PBXBuildFile; fileRef = A1F657D42E9957550092E5E2 /* HomeWorker.swift */; };
		A1F658082E9957550092E5E2 /* HomeInteractor.swift in Sources */ = {isa = PBXBuildFile; fileRef = A1F657D02E9957550092E5E2 /* HomeInteractor.swift */; };
		A1F658092E9957550092E5E2 /* SceneDelegate.swift in Sources */ = {isa = PBXBuildFile; fileRef = A1F657F12E9957550092E5E2 /* SceneDelegate.swift */; };
		A1F6580A2E9957550092E5E2 /* FavoriteMovieCollectionViewCell.swift in Sources */ = {isa = PBXBuildFile; fileRef = A1F657E72E9957550092E5E2 /* FavoriteMovieCollectionViewCell.swift */; };
		A1F6580B2E9957550092E5E2 /* SplashModels.swift in Sources */ = {isa = PBXBuildFile; fileRef = A1F657DD2E9957550092E5E2 /* SplashModels.swift */; };
		A1F6580C2E9957550092E5E2 /* FavoriteMoviesWorker.swift in Sources */ = {isa = PBXBuildFile; fileRef = A1F657CE2E9957550092E5E2 /* FavoriteMoviesWorker.swift */; };
		A1F6580D2E9957550092E5E2 /* MovieDetailsInteractor.swift in Sources */ = {isa = PBXBuildFile; fileRef = A1F657D72E9957550092E5E2 /* MovieDetailsInteractor.swift */; };
		A1F6580E2E9957550092E5E2 /* FavoriteMoveisViewController.swift in Sources */ = {isa = PBXBuildFile; fileRef = A1F657CA2E9957550092E5E2 /* FavoriteMoveisViewController.swift */; };
		A1F6580F2E9957550092E5E2 /* CollectionTableViewCell.swift in Sources */ = {isa = PBXBuildFile; fileRef = A1F657E52E9957550092E5E2 /* CollectionTableViewCell.swift */; };
		A1F658102E9957550092E5E2 /* MoveiDetailWorker.swift in Sources */ = {isa = PBXBuildFile; fileRef = A1F657D62E9957550092E5E2 /* MoveiDetailWorker.swift */; };
		A1F658112E9957550092E5E2 /* SplashPresenter.swift in Sources */ = {isa = PBXBuildFile; fileRef = A1F657DE2E9957550092E5E2 /* SplashPresenter.swift */; };
		A1F658122E9957550092E5E2 /* HomeViewController.swift in Sources */ = {isa = PBXBuildFile; fileRef = A1F657D32E9957550092E5E2 /* HomeViewController.swift */; };
		A1F658132E9957550092E5E2 /* AppDelegate.swift in Sources */ = {isa = PBXBuildFile; fileRef = A1F657EB2E9957550092E5E2 /* AppDelegate.swift */; };
		A1F658142E9957550092E5E2 /* Movie.swift in Sources */ = {isa = PBXBuildFile; fileRef = A1F657C42E9957550092E5E2 /* Movie.swift */; };
		A1F658152E9957550092E5E2 /* SplashWorker.swift in Sources */ = {isa = PBXBuildFile; fileRef = A1F657E02E9957550092E5E2 /* SplashWorker.swift */; };
		A1F658162E9957550092E5E2 /* Assets.xcassets in Resources */ = {isa = PBXBuildFile; fileRef = A1F657EC2E9957550092E5E2 /* Assets.xcassets */; };
		A1F658172E9957550092E5E2 /* LaunchScreen.storyboard in Resources */ = {isa = PBXBuildFile; fileRef = A1F657EF2E9957550092E5E2 /* LaunchScreen.storyboard */; };
/* End PBXBuildFile section */

/* Begin PBXFileReference section */
		A12E94932E9978EA0047F0D3 /* GloboPlayChallenge.app */ = {isa = PBXFileReference; explicitFileType = wrapper.application; includeInIndex = 0; path = GloboPlayChallenge.app; sourceTree = BUILT_PRODUCTS_DIR; };
		A1F657C32E9957550092E5E2 /* Genre.swift */ = {isa = PBXFileReference; lastKnownFileType = sourcecode.swift; path = Genre.swift; sourceTree = "<group>"; };
		A1F657C42E9957550092E5E2 /* Movie.swift */ = {isa = PBXFileReference; lastKnownFileType = sourcecode.swift; path = Movie.swift; sourceTree = "<group>"; };
		A1F657C52E9957550092E5E2 /* MovieDetails.swift */ = {isa = PBXFileReference; lastKnownFileType = sourcecode.swift; path = MovieDetails.swift; sourceTree = "<group>"; };
		A1F657C62E9957550092E5E2 /* MovieDetailsResponse.swift */ = {isa = PBXFileReference; lastKnownFileType = sourcecode.swift; path = MovieDetailsResponse.swift; sourceTree = "<group>"; };
		A1F657C72E9957550092E5E2 /* MovieManeger.swift */ = {isa = PBXFileReference; lastKnownFileType = sourcecode.swift; path = MovieManeger.swift; sourceTree = "<group>"; };
		A1F657C82E9957550092E5E2 /* MovieResponse.swift */ = {isa = PBXFileReference; lastKnownFileType = sourcecode.swift; path = MovieResponse.swift; sourceTree = "<group>"; };
		A1F657CA2E9957550092E5E2 /* FavoriteMoveisViewController.swift */ = {isa = PBXFileReference; lastKnownFileType = sourcecode.swift; path = FavoriteMoveisViewController.swift; sourceTree = "<group>"; };
		A1F657CB2E9957550092E5E2 /* FavoriteMoviesInteractor.swift */ = {isa = PBXFileReference; lastKnownFileType = sourcecode.swift; path = FavoriteMoviesInteractor.swift; sourceTree = "<group>"; };
		A1F657CC2E9957550092E5E2 /* FavoriteMoviesModels.swift */ = {isa = PBXFileReference; lastKnownFileType = sourcecode.swift; path = FavoriteMoviesModels.swift; sourceTree = "<group>"; };
		A1F657CD2E9957550092E5E2 /* FavoriteMoviesPresenter.swift */ = {isa = PBXFileReference; lastKnownFileType = sourcecode.swift; path = FavoriteMoviesPresenter.swift; sourceTree = "<group>"; };
		A1F657CE2E9957550092E5E2 /* FavoriteMoviesWorker.swift */ = {isa = PBXFileReference; lastKnownFileType = sourcecode.swift; path = FavoriteMoviesWorker.swift; sourceTree = "<group>"; };
		A1F657D02E9957550092E5E2 /* HomeInteractor.swift */ = {isa = PBXFileReference; lastKnownFileType = sourcecode.swift; path = HomeInteractor.swift; sourceTree = "<group>"; };
		A1F657D12E9957550092E5E2 /* HomeModels.swift */ = {isa = PBXFileReference; lastKnownFileType = sourcecode.swift; path = HomeModels.swift; sourceTree = "<group>"; };
		A1F657D22E9957550092E5E2 /* HomePresenter.swift */ = {isa = PBXFileReference; lastKnownFileType = sourcecode.swift; path = HomePresenter.swift; sourceTree = "<group>"; };
		A1F657D32E9957550092E5E2 /* HomeViewController.swift */ = {isa = PBXFileReference; lastKnownFileType = sourcecode.swift; path = HomeViewController.swift; sourceTree = "<group>"; };
		A1F657D42E9957550092E5E2 /* HomeWorker.swift */ = {isa = PBXFileReference; lastKnownFileType = sourcecode.swift; path = HomeWorker.swift; sourceTree = "<group>"; };
		A1F657D62E9957550092E5E2 /* MoveiDetailWorker.swift */ = {isa = PBXFileReference; lastKnownFileType = sourcecode.swift; path = MoveiDetailWorker.swift; sourceTree = "<group>"; };
		A1F657D72E9957550092E5E2 /* MovieDetailsInteractor.swift */ = {isa = PBXFileReference; lastKnownFileType = sourcecode.swift; path = MovieDetailsInteractor.swift; sourceTree = "<group>"; };
		A1F657D82E9957550092E5E2 /* MovieDetailsModels.swift */ = {isa = PBXFileReference; lastKnownFileType = sourcecode.swift; path = MovieDetailsModels.swift; sourceTree = "<group>"; };
		A1F657D92E9957550092E5E2 /* MovieDetailsPresenter.swift */ = {isa = PBXFileReference; lastKnownFileType = sourcecode.swift; path = MovieDetailsPresenter.swift; sourceTree = "<group>"; };
		A1F657DA2E9957550092E5E2 /* MovieDetailsViewController.swift */ = {isa = PBXFileReference; lastKnownFileType = sourcecode.swift; path = MovieDetailsViewController.swift; sourceTree = "<group>"; };
		A1F657DC2E9957550092E5E2 /* SplashInteractor.swift */ = {isa = PBXFileReference; lastKnownFileType = sourcecode.swift; path = SplashInteractor.swift; sourceTree = "<group>"; };
		A1F657DD2E9957550092E5E2 /* SplashModels.swift */ = {isa = PBXFileReference; lastKnownFileType = sourcecode.swift; path = SplashModels.swift; sourceTree = "<group>"; };
		A1F657DE2E9957550092E5E2 /* SplashPresenter.swift */ = {isa = PBXFileReference; lastKnownFileType = sourcecode.swift; path = SplashPresenter.swift; sourceTree = "<group>"; };
		A1F657DF2E9957550092E5E2 /* SplashViewController.swift */ = {isa = PBXFileReference; lastKnownFileType = sourcecode.swift; path = SplashViewController.swift; sourceTree = "<group>"; };
		A1F657E02E9957550092E5E2 /* SplashWorker.swift */ = {isa = PBXFileReference; lastKnownFileType = sourcecode.swift; path = SplashWorker.swift; sourceTree = "<group>"; };
		A1F657E32E9957550092E5E2 /* MovieService.swift */ = {isa = PBXFileReference; lastKnownFileType = sourcecode.swift; path = MovieService.swift; sourceTree = "<group>"; };
		A1F657E52E9957550092E5E2 /* CollectionTableViewCell.swift */ = {isa = PBXFileReference; lastKnownFileType = sourcecode.swift; path = CollectionTableViewCell.swift; sourceTree = "<group>"; };
		A1F657E62E9957550092E5E2 /* FavoriteCollectionReusableView.swift */ = {isa = PBXFileReference; lastKnownFileType = sourcecode.swift; path = FavoriteCollectionReusableView.swift; sourceTree = "<group>"; };
		A1F657E72E9957550092E5E2 /* FavoriteMovieCollectionViewCell.swift */ = {isa = PBXFileReference; lastKnownFileType = sourcecode.swift; path = FavoriteMovieCollectionViewCell.swift; sourceTree = "<group>"; };
		A1F657E82E9957550092E5E2 /* MovieCollectionViewCell.swift */ = {isa = PBXFileReference; lastKnownFileType = sourcecode.swift; path = MovieCollectionViewCell.swift; sourceTree = "<group>"; };
		A1F657E92E9957550092E5E2 /* RelatedMovieCell.swift */ = {isa = PBXFileReference; lastKnownFileType = sourcecode.swift; path = RelatedMovieCell.swift; sourceTree = "<group>"; };
		A1F657EB2E9957550092E5E2 /* AppDelegate.swift */ = {isa = PBXFileReference; lastKnownFileType = sourcecode.swift; path = AppDelegate.swift; sourceTree = "<group>"; };
		A1F657EC2E9957550092E5E2 /* Assets.xcassets */ = {isa = PBXFileReference; lastKnownFileType = folder.assetcatalog; path = Assets.xcassets; sourceTree = "<group>"; };
		A1F657ED2E9957550092E5E2 /* Info.plist */ = {isa = PBXFileReference; lastKnownFileType = text.plist.xml; path = Info.plist; sourceTree = "<group>"; };
		A1F657EE2E9957550092E5E2 /* Base */ = {isa = PBXFileReference; lastKnownFileType = file.storyboard; name = Base; path = Base.lproj/LaunchScreen.storyboard; sourceTree = "<group>"; };
		A1F657F02E9957550092E5E2 /* MainTabBarViewController.swift */ = {isa = PBXFileReference; lastKnownFileType = sourcecode.swift; path = MainTabBarViewController.swift; sourceTree = "<group>"; };
		A1F657F12E9957550092E5E2 /* SceneDelegate.swift */ = {isa = PBXFileReference; lastKnownFileType = sourcecode.swift; path = SceneDelegate.swift; sourceTree = "<group>"; };
/* End PBXFileReference section */

/* Begin PBXFrameworksBuildPhase section */
		A1F826C52E8CDACB00BECFC9 /* Frameworks */ = {
			isa = PBXFrameworksBuildPhase;
			buildActionMask = 2147483647;
			files = (
			);
			runOnlyForDeploymentPostprocessing = 0;
		};
/* End PBXFrameworksBuildPhase section */

/* Begin PBXGroup section */
		A1F657C92E9957550092E5E2 /* Models */ = {
			isa = PBXGroup;
			children = (
				A1F657C32E9957550092E5E2 /* Genre.swift */,
				A1F657C42E9957550092E5E2 /* Movie.swift */,
				A1F657C52E9957550092E5E2 /* MovieDetails.swift */,
				A1F657C62E9957550092E5E2 /* MovieDetailsResponse.swift */,
				A1F657C72E9957550092E5E2 /* MovieManeger.swift */,
				A1F657C82E9957550092E5E2 /* MovieResponse.swift */,
			);
			path = Models;
			sourceTree = "<group>";
		};
		A1F657CF2E9957550092E5E2 /* Favorites */ = {
			isa = PBXGroup;
			children = (
				A1F657CA2E9957550092E5E2 /* FavoriteMoveisViewController.swift */,
				A1F657CB2E9957550092E5E2 /* FavoriteMoviesInteractor.swift */,
				A1F657CC2E9957550092E5E2 /* FavoriteMoviesModels.swift */,
				A1F657CD2E9957550092E5E2 /* FavoriteMoviesPresenter.swift */,
				A1F657CE2E9957550092E5E2 /* FavoriteMoviesWorker.swift */,
			);
			path = Favorites;
			sourceTree = "<group>";
		};
		A1F657D52E9957550092E5E2 /* Home */ = {
			isa = PBXGroup;
			children = (
				A1F657D02E9957550092E5E2 /* HomeInteractor.swift */,
				A1F657D12E9957550092E5E2 /* HomeModels.swift */,
				A1F657D22E9957550092E5E2 /* HomePresenter.swift */,
				A1F657D32E9957550092E5E2 /* HomeViewController.swift */,
				A1F657D42E9957550092E5E2 /* HomeWorker.swift */,
			);
			path = Home;
			sourceTree = "<group>";
		};
		A1F657DB2E9957550092E5E2 /* MovieDetails */ = {
			isa = PBXGroup;
			children = (
				A1F657D62E9957550092E5E2 /* MoveiDetailWorker.swift */,
				A1F657D72E9957550092E5E2 /* MovieDetailsInteractor.swift */,
				A1F657D82E9957550092E5E2 /* MovieDetailsModels.swift */,
				A1F657D92E9957550092E5E2 /* MovieDetailsPresenter.swift */,
				A1F657DA2E9957550092E5E2 /* MovieDetailsViewController.swift */,
			);
			path = MovieDetails;
			sourceTree = "<group>";
		};
		A1F657E12E9957550092E5E2 /* Splash */ = {
			isa = PBXGroup;
			children = (
				A1F657DC2E9957550092E5E2 /* SplashInteractor.swift */,
				A1F657DD2E9957550092E5E2 /* SplashModels.swift */,
				A1F657DE2E9957550092E5E2 /* SplashPresenter.swift */,
				A1F657DF2E9957550092E5E2 /* SplashViewController.swift */,
				A1F657E02E9957550092E5E2 /* SplashWorker.swift */,
			);
			path = Splash;
			sourceTree = "<group>";
		};
		A1F657E22E9957550092E5E2 /* Scenes */ = {
			isa = PBXGroup;
			children = (
				A1F657CF2E9957550092E5E2 /* Favorites */,
				A1F657D52E9957550092E5E2 /* Home */,
				A1F657DB2E9957550092E5E2 /* MovieDetails */,
				A1F657E12E9957550092E5E2 /* Splash */,
			);
			path = Scenes;
			sourceTree = "<group>";
		};
		A1F657E42E9957550092E5E2 /* Services */ = {
			isa = PBXGroup;
			children = (
				A1F657E32E9957550092E5E2 /* MovieService.swift */,
			);
			path = Services;
			sourceTree = "<group>";
		};
		A1F657EA2E9957550092E5E2 /* Views */ = {
			isa = PBXGroup;
			children = (
				A1F657E52E9957550092E5E2 /* CollectionTableViewCell.swift */,
				A1F657E62E9957550092E5E2 /* FavoriteCollectionReusableView.swift */,
				A1F657E72E9957550092E5E2 /* FavoriteMovieCollectionViewCell.swift */,
				A1F657E82E9957550092E5E2 /* MovieCollectionViewCell.swift */,
				A1F657E92E9957550092E5E2 /* RelatedMovieCell.swift */,
			);
			path = Views;
			sourceTree = "<group>";
		};
		A1F657F22E9957550092E5E2 /* GloboPlayChallenge */ = {
			isa = PBXGroup;
			children = (
				A1F657C92E9957550092E5E2 /* Models */,
				A1F657E22E9957550092E5E2 /* Scenes */,
				A1F657E42E9957550092E5E2 /* Services */,
				A1F657EA2E9957550092E5E2 /* Views */,
				A1F657EB2E9957550092E5E2 /* AppDelegate.swift */,
				A1F657EC2E9957550092E5E2 /* Assets.xcassets */,
				A1F657ED2E9957550092E5E2 /* Info.plist */,
				A1F657EF2E9957550092E5E2 /* LaunchScreen.storyboard */,
				A1F657F02E9957550092E5E2 /* MainTabBarViewController.swift */,
				A1F657F12E9957550092E5E2 /* SceneDelegate.swift */,
			);
			path = GloboPlayChallenge;
			sourceTree = "<group>";
		};
		A1F826BF2E8CDACB00BECFC9 = {
			isa = PBXGroup;
			children = (
				A1F657F22E9957550092E5E2 /* GloboPlayChallenge */,
				A12E94932E9978EA0047F0D3 /* GloboPlayChallenge.app */,
			);
			sourceTree = "<group>";
		};
/* End PBXGroup section */

/* Begin PBXNativeTarget section */
		A1F826C72E8CDACB00BECFC9 /* GloboPlayChallenge */ = {
			isa = PBXNativeTarget;
			buildConfigurationList = A1F826DB2E8CDACC00BECFC9 /* Build configuration list for PBXNativeTarget "GloboPlayChallenge" */;
			buildPhases = (
				A1F826C42E8CDACB00BECFC9 /* Sources */,
				A1F826C52E8CDACB00BECFC9 /* Frameworks */,
				A1F826C62E8CDACB00BECFC9 /* Resources */,
			);
			buildRules = (
			);
			dependencies = (
			);
			name = GloboPlayChallenge;
			productName = GloboPlayChallenge;
			productReference = A12E94932E9978EA0047F0D3 /* GloboPlayChallenge.app */;
			productType = "com.apple.product-type.application";
		};
/* End PBXNativeTarget section */

/* Begin PBXProject section */
		A1F826C02E8CDACB00BECFC9 /* Project object */ = {
			isa = PBXProject;
			attributes = {
				BuildIndependentTargetsInParallel = 1;
				LastSwiftUpdateCheck = 1640;
				LastUpgradeCheck = 1640;
				TargetAttributes = {
					A1F826C72E8CDACB00BECFC9 = {
						CreatedOnToolsVersion = 16.4;
					};
				};
			};
			buildConfigurationList = A1F826C32E8CDACB00BECFC9 /* Build configuration list for PBXProject "GloboPlayChallenge" */;
			developmentRegion = en;
			hasScannedForEncodings = 0;
			knownRegions = (
				en,
				Base,
			);
			mainGroup = A1F826BF2E8CDACB00BECFC9;
			minimizedProjectReferenceProxies = 1;
			preferredProjectObjectVersion = 77;
			productRefGroup = A1F826BF2E8CDACB00BECFC9;
			projectDirPath = "";
			projectRoot = "";
			targets = (
				A1F826C72E8CDACB00BECFC9 /* GloboPlayChallenge */,
			);
		};
/* End PBXProject section */

/* Begin PBXResourcesBuildPhase section */
		A1F826C62E8CDACB00BECFC9 /* Resources */ = {
			isa = PBXResourcesBuildPhase;
			buildActionMask = 2147483647;
			files = (
				A1F658162E9957550092E5E2 /* Assets.xcassets in Resources */,
				A1F658172E9957550092E5E2 /* LaunchScreen.storyboard in Resources */,
			);
			runOnlyForDeploymentPostprocessing = 0;
		};
/* End PBXResourcesBuildPhase section */

/* Begin PBXSourcesBuildPhase section */
		A1F826C42E8CDACB00BECFC9 /* Sources */ = {
			isa = PBXSourcesBuildPhase;
			buildActionMask = 2147483647;
			files = (
				A1F657F32E9957550092E5E2 /* MovieDetailsModels.swift in Sources */,
				A1F657F42E9957550092E5E2 /* FavoriteMoviesInteractor.swift in Sources */,
				A1F657F52E9957550092E5E2 /* MovieDetails.swift in Sources */,
				A1F657F62E9957550092E5E2 /* SplashViewController.swift in Sources */,
				A1F657F72E9957550092E5E2 /* FavoriteMoviesPresenter.swift in Sources */,
				A1F657F82E9957550092E5E2 /* MovieResponse.swift in Sources */,
				A1F657F92E9957550092E5E2 /* FavoriteCollectionReusableView.swift in Sources */,
				A1F657FA2E9957550092E5E2 /* MovieManeger.swift in Sources */,
				A1F657FB2E9957550092E5E2 /* RelatedMovieCell.swift in Sources */,
				A1F657FC2E9957550092E5E2 /* MovieDetailsPresenter.swift in Sources */,
				A1F657FD2E9957550092E5E2 /* SplashInteractor.swift in Sources */,
				A1F657FE2E9957550092E5E2 /* Genre.swift in Sources */,
				A1F657FF2E9957550092E5E2 /* HomeModels.swift in Sources */,
				A1F658002E9957550092E5E2 /* MovieService.swift in Sources */,
				A1F658012E9957550092E5E2 /* MovieCollectionViewCell.swift in Sources */,
				A1F658022E9957550092E5E2 /* FavoriteMoviesModels.swift in Sources */,
				A1F658032E9957550092E5E2 /* HomePresenter.swift in Sources */,
				A1F658042E9957550092E5E2 /* MovieDetailsResponse.swift in Sources */,
				A1F658052E9957550092E5E2 /* MovieDetailsViewController.swift in Sources */,
				A1F658062E9957550092E5E2 /* MainTabBarViewController.swift in Sources */,
				A1F658072E9957550092E5E2 /* HomeWorker.swift in Sources */,
				A1F658082E9957550092E5E2 /* HomeInteractor.swift in Sources */,
				A1F658092E9957550092E5E2 /* SceneDelegate.swift in Sources */,
				A1F6580A2E9957550092E5E2 /* FavoriteMovieCollectionViewCell.swift in Sources */,
				A1F6580B2E9957550092E5E2 /* SplashModels.swift in Sources */,
				A1F6580C2E9957550092E5E2 /* FavoriteMoviesWorker.swift in Sources */,
				A1F6580D2E9957550092E5E2 /* MovieDetailsInteractor.swift in Sources */,
				A1F6580E2E9957550092E5E2 /* FavoriteMoveisViewController.swift in Sources */,
				A1F6580F2E9957550092E5E2 /* CollectionTableViewCell.swift in Sources */,
				A1F658102E9957550092E5E2 /* MoveiDetailWorker.swift in Sources */,
				A1F658112E9957550092E5E2 /* SplashPresenter.swift in Sources */,
				A1F658122E9957550092E5E2 /* HomeViewController.swift in Sources */,
				A1F658132E9957550092E5E2 /* AppDelegate.swift in Sources */,
				A1F658142E9957550092E5E2 /* Movie.swift in Sources */,
				A1F658152E9957550092E5E2 /* SplashWorker.swift in Sources */,
			);
			runOnlyForDeploymentPostprocessing = 0;
		};
/* End PBXSourcesBuildPhase section */

/* Begin PBXVariantGroup section */
		A1F657EF2E9957550092E5E2 /* LaunchScreen.storyboard */ = {
			isa = PBXVariantGroup;
			children = (
				A1F657EE2E9957550092E5E2 /* Base */,
			);
			name = LaunchScreen.storyboard;
			sourceTree = "<group>";
		};
/* End PBXVariantGroup section */

/* Begin XCBuildConfiguration section */
		A1F826DC2E8CDACC00BECFC9 /* Debug */ = {
			isa = XCBuildConfiguration;
			buildSettings = {
				ASSETCATALOG_COMPILER_APPICON_NAME = AppIcon;
				ASSETCATALOG_COMPILER_GLOBAL_ACCENT_COLOR_NAME = AccentColor;
				CODE_SIGN_STYLE = Automatic;
				CURRENT_PROJECT_VERSION = 1;
				DEVELOPMENT_TEAM = V3W5X4NKY6;
				ENABLE_USER_SCRIPT_SANDBOXING = NO;
				GENERATE_INFOPLIST_FILE = YES;
				INFOPLIST_FILE = GloboPlayChallenge/Info.plist;
				INFOPLIST_KEY_UIApplicationSupportsIndirectInputEvents = YES;
				INFOPLIST_KEY_UILaunchStoryboardName = LaunchScreen;
				INFOPLIST_KEY_UISupportedInterfaceOrientations_iPad = "UIInterfaceOrientationPortrait UIInterfaceOrientationPortraitUpsideDown UIInterfaceOrientationLandscapeLeft UIInterfaceOrientationLandscapeRight";
				INFOPLIST_KEY_UISupportedInterfaceOrientations_iPhone = "UIInterfaceOrientationPortrait UIInterfaceOrientationLandscapeLeft UIInterfaceOrientationLandscapeRight";
				LD_RUNPATH_SEARCH_PATHS = (
					"$(inherited)",
					"@executable_path/Frameworks",
				);
				MARKETING_VERSION = 1.0;
				PRODUCT_BUNDLE_IDENTIFIER = AnaB.GloboPlayChallenge;
				PRODUCT_NAME = "$(TARGET_NAME)";
				SWIFT_EMIT_LOC_STRINGS = YES;
				SWIFT_VERSION = 5.0;
				TARGETED_DEVICE_FAMILY = "1,2";
			};
			name = Debug;
		};
		A1F826DD2E8CDACC00BECFC9 /* Release */ = {
			isa = XCBuildConfiguration;
			buildSettings = {
				ASSETCATALOG_COMPILER_APPICON_NAME = AppIcon;
				ASSETCATALOG_COMPILER_GLOBAL_ACCENT_COLOR_NAME = AccentColor;
				CODE_SIGN_STYLE = Automatic;
				CURRENT_PROJECT_VERSION = 1;
				DEVELOPMENT_TEAM = V3W5X4NKY6;
				ENABLE_USER_SCRIPT_SANDBOXING = NO;
				GENERATE_INFOPLIST_FILE = YES;
				INFOPLIST_FILE = GloboPlayChallenge/Info.plist;
				INFOPLIST_KEY_UIApplicationSupportsIndirectInputEvents = YES;
				INFOPLIST_KEY_UILaunchStoryboardName = LaunchScreen;
				INFOPLIST_KEY_UISupportedInterfaceOrientations_iPad = "UIInterfaceOrientationPortrait UIInterfaceOrientationPortraitUpsideDown UIInterfaceOrientationLandscapeLeft UIInterfaceOrientationLandscapeRight";
				INFOPLIST_KEY_UISupportedInterfaceOrientations_iPhone = "UIInterfaceOrientationPortrait UIInterfaceOrientationLandscapeLeft UIInterfaceOrientationLandscapeRight";
				LD_RUNPATH_SEARCH_PATHS = (
					"$(inherited)",
					"@executable_path/Frameworks",
				);
				MARKETING_VERSION = 1.0;
				PRODUCT_BUNDLE_IDENTIFIER = AnaB.GloboPlayChallenge;
				PRODUCT_NAME = "$(TARGET_NAME)";
				SWIFT_EMIT_LOC_STRINGS = YES;
				SWIFT_VERSION = 5.0;
				TARGETED_DEVICE_FAMILY = "1,2";
			};
			name = Release;
		};
		A1F826DE2E8CDACC00BECFC9 /* Debug */ = {
			isa = XCBuildConfiguration;
			buildSettings = {
				ALWAYS_SEARCH_USER_PATHS = NO;
				ASSETCATALOG_COMPILER_GENERATE_SWIFT_ASSET_SYMBOL_EXTENSIONS = YES;
				CLANG_ANALYZER_NONNULL = YES;
				CLANG_ANALYZER_NUMBER_OBJECT_CONVERSION = YES_AGGRESSIVE;
				CLANG_CXX_LANGUAGE_STANDARD = "gnu++20";
				CLANG_ENABLE_MODULES = YES;
				CLANG_ENABLE_OBJC_ARC = YES;
				CLANG_ENABLE_OBJC_WEAK = YES;
				CLANG_WARN_BLOCK_CAPTURE_AUTORELEASING = YES;
				CLANG_WARN_BOOL_CONVERSION = YES;
				CLANG_WARN_COMMA = YES;
				CLANG_WARN_CONSTANT_CONVERSION = YES;
				CLANG_WARN_DEPRECATED_OBJC_IMPLEMENTATIONS = YES;
				CLANG_WARN_DIRECT_OBJC_ISA_USAGE = YES_ERROR;
				CLANG_WARN_DOCUMENTATION_COMMENTS = YES;
				CLANG_WARN_EMPTY_BODY = YES;
				CLANG_WARN_ENUM_CONVERSION = YES;
				CLANG_WARN_INFINITE_RECURSION = YES;
				CLANG_WARN_INT_CONVERSION = YES;
				CLANG_WARN_NON_LITERAL_NULL_CONVERSION = YES;
				CLANG_WARN_OBJC_IMPLICIT_RETAIN_SELF = YES;
				CLANG_WARN_OBJC_LITERAL_CONVERSION = YES;
				CLANG_WARN_OBJC_ROOT_CLASS = YES_ERROR;
				CLANG_WARN_QUOTED_INCLUDE_IN_FRAMEWORK_HEADER = YES;
				CLANG_WARN_RANGE_LOOP_ANALYSIS = YES;
				CLANG_WARN_STRICT_PROTOTYPES = YES;
				CLANG_WARN_SUSPICIOUS_MOVE = YES;
				CLANG_WARN_UNGUARDED_AVAILABILITY = YES_AGGRESSIVE;
				CLANG_WARN_UNREACHABLE_CODE = YES;
				CLANG_WARN__DUPLICATE_METHOD_MATCH = YES;
				COPY_PHASE_STRIP = NO;
				DEBUG_INFORMATION_FORMAT = dwarf;
				DEVELOPMENT_TEAM = V3W5X4NKY6;
				ENABLE_STRICT_OBJC_MSGSEND = YES;
				ENABLE_TESTABILITY = YES;
				ENABLE_USER_SCRIPT_SANDBOXING = NO;
				GCC_C_LANGUAGE_STANDARD = gnu17;
				GCC_DYNAMIC_NO_PIC = NO;
				GCC_NO_COMMON_BLOCKS = YES;
				GCC_OPTIMIZATION_LEVEL = 0;
				GCC_PREPROCESSOR_DEFINITIONS = (
					"DEBUG=1",
					"$(inherited)",
				);
				GCC_WARN_64_TO_32_BIT_CONVERSION = YES;
				GCC_WARN_ABOUT_RETURN_TYPE = YES_ERROR;
				GCC_WARN_UNDECLARED_SELECTOR = YES;
				GCC_WARN_UNINITIALIZED_AUTOS = YES_AGGRESSIVE;
				GCC_WARN_UNUSED_FUNCTION = YES;
				GCC_WARN_UNUSED_VARIABLE = YES;
				IPHONEOS_DEPLOYMENT_TARGET = 18.5;
				LOCALIZATION_PREFERS_STRING_CATALOGS = YES;
				MTL_ENABLE_DEBUG_INFO = INCLUDE_SOURCE;
				MTL_FAST_MATH = YES;
				ONLY_ACTIVE_ARCH = YES;
				SDKROOT = iphoneos;
				SWIFT_ACTIVE_COMPILATION_CONDITIONS = "DEBUG $(inherited)";
				SWIFT_OPTIMIZATION_LEVEL = "-Onone";
			};
			name = Debug;
		};
		A1F826DF2E8CDACC00BECFC9 /* Release */ = {
			isa = XCBuildConfiguration;
			buildSettings = {
				ALWAYS_SEARCH_USER_PATHS = NO;
				ASSETCATALOG_COMPILER_GENERATE_SWIFT_ASSET_SYMBOL_EXTENSIONS = YES;
				CLANG_ANALYZER_NONNULL = YES;
				CLANG_ANALYZER_NUMBER_OBJECT_CONVERSION = YES_AGGRESSIVE;
				CLANG_CXX_LANGUAGE_STANDARD = "gnu++20";
				CLANG_ENABLE_MODULES = YES;
				CLANG_ENABLE_OBJC_ARC = YES;
				CLANG_ENABLE_OBJC_WEAK = YES;
				CLANG_WARN_BLOCK_CAPTURE_AUTORELEASING = YES;
				CLANG_WARN_BOOL_CONVERSION = YES;
				CLANG_WARN_COMMA = YES;
				CLANG_WARN_CONSTANT_CONVERSION = YES;
				CLANG_WARN_DEPRECATED_OBJC_IMPLEMENTATIONS = YES;
				CLANG_WARN_DIRECT_OBJC_ISA_USAGE = YES_ERROR;
				CLANG_WARN_DOCUMENTATION_COMMENTS = YES;
				CLANG_WARN_EMPTY_BODY = YES;
				CLANG_WARN_ENUM_CONVERSION = YES;
				CLANG_WARN_INFINITE_RECURSION = YES;
				CLANG_WARN_INT_CONVERSION = YES;
				CLANG_WARN_NON_LITERAL_NULL_CONVERSION = YES;
				CLANG_WARN_OBJC_IMPLICIT_RETAIN_SELF = YES;
				CLANG_WARN_OBJC_LITERAL_CONVERSION = YES;
				CLANG_WARN_OBJC_ROOT_CLASS = YES_ERROR;
				CLANG_WARN_QUOTED_INCLUDE_IN_FRAMEWORK_HEADER = YES;
				CLANG_WARN_RANGE_LOOP_ANALYSIS = YES;
				CLANG_WARN_STRICT_PROTOTYPES = YES;
				CLANG_WARN_SUSPICIOUS_MOVE = YES;
				CLANG_WARN_UNGUARDED_AVAILABILITY = YES_AGGRESSIVE;
				CLANG_WARN_UNREACHABLE_CODE = YES;
				CLANG_WARN__DUPLICATE_METHOD_MATCH = YES;
				COPY_PHASE_STRIP = NO;
				DEBUG_INFORMATION_FORMAT = "dwarf-with-dsym";
				DEVELOPMENT_TEAM = V3W5X4NKY6;
				ENABLE_NS_ASSERTIONS = NO;
				ENABLE_STRICT_OBJC_MSGSEND = YES;
				ENABLE_USER_SCRIPT_SANDBOXING = NO;
				GCC_C_LANGUAGE_STANDARD = gnu17;
				GCC_NO_COMMON_BLOCKS = YES;
				GCC_WARN_64_TO_32_BIT_CONVERSION = YES;
				GCC_WARN_ABOUT_RETURN_TYPE = YES_ERROR;
				GCC_WARN_UNDECLARED_SELECTOR = YES;
				GCC_WARN_UNINITIALIZED_AUTOS = YES_AGGRESSIVE;
				GCC_WARN_UNUSED_FUNCTION = YES;
				GCC_WARN_UNUSED_VARIABLE = YES;
				IPHONEOS_DEPLOYMENT_TARGET = 18.5;
				LOCALIZATION_PREFERS_STRING_CATALOGS = YES;
				MTL_ENABLE_DEBUG_INFO = NO;
				MTL_FAST_MATH = YES;
				SDKROOT = iphoneos;
				SWIFT_COMPILATION_MODE = wholemodule;
				VALIDATE_PRODUCT = YES;
			};
			name = Release;
		};
/* End XCBuildConfiguration section */

/* Begin XCConfigurationList section */
		A1F826C32E8CDACB00BECFC9 /* Build configuration list for PBXProject "GloboPlayChallenge" */ = {
			isa = XCConfigurationList;
			buildConfigurations = (
				A1F826DE2E8CDACC00BECFC9 /* Debug */,
				A1F826DF2E8CDACC00BECFC9 /* Release */,
			);
			defaultConfigurationIsVisible = 0;
			defaultConfigurationName = Release;
		};
		A1F826DB2E8CDACC00BECFC9 /* Build configuration list for PBXNativeTarget "GloboPlayChallenge" */ = {
			isa = XCConfigurationList;
			buildConfigurations = (
				A1F826DC2E8CDACC00BECFC9 /* Debug */,
				A1F826DD2E8CDACC00BECFC9 /* Release */,
			);
			defaultConfigurationIsVisible = 0;
			defaultConfigurationName = Release;
		};
/* End XCConfigurationList section */
	};
	rootObject = A1F826C02E8CDACB00BECFC9 /* Project object */;
}
